
Microsoft Visual Studio Solution File, Format Version 12.00
# Visual Studio Version 17
VisualStudioVersion = 17.5.002.0
MinimumVisualStudioVersion = 10.0.40219.1
Project("{9A19103F-16F7-4668-BE54-9A1E7A4F7556}") = "MauiBlazorAutoB2bApp", "MauiBlazorAutoB2bApp\MauiBlazorAutoB2bApp.csproj", "{E3338D37-FF50-4A34-96BD-2716ED93F1E2}"
EndProject
Project("{9A19103F-16F7-4668-BE54-9A1E7A4F7556}") = "MauiBlazorAutoB2bApp.Shared", "MauiBlazorAutoB2bApp.Shared\MauiBlazorAutoB2bApp.Shared.csproj", "{1AA5F22B-62F8-414F-AE50-635E99EB3F76}"
EndProject
Project("{9A19103F-16F7-4668-BE54-9A1E7A4F7556}") = "MauiBlazorAutoB2bApp.Web", "MauiBlazorAutoB2bApp.Web\MauiBlazorAutoB2bApp.Web.csproj", "{C2800ABA-8C19-4553-A552-BFF679BEB039}"
EndProject
Project("{9A19103F-16F7-4668-BE54-9A1E7A4F7556}") = "MauiBlazorAutoB2bApp.Web.Client", "MauiBlazorAutoB2bApp.Web.Client\MauiBlazorAutoB2bApp.Web.Client.csproj", "{7C064C71-30BE-4D8D-9B68-E7249ED18FA1}"
EndProject
Project("{2150E333-8FDC-42A3-9474-1A3956D46DE8}") = "Solution Items", "Solution Items", "{02EA681E-C7D8-13C7-8484-4AC65E1B71E8}"
	ProjectSection(SolutionItems) = preProject
		README-Azure-B2C.md = README-Azure-B2C.md
		README-DEEP-RESEARCH-ENTRA.md = README-DEEP-RESEARCH-ENTRA.md
		README-IP-CONFIG.md = README-IP-CONFIG.md
		README-SOL-GEN.md = README-SOL-GEN.md
		TinglerIcon.jpg = TinglerIcon.jpg
	EndProjectSection
EndProject
Project("{FAE04EC0-301F-11D3-BF4B-00C04F79EFBC}") = "WebApiWeather", "WebApiWeather\WebApiWeather.csproj", "{61DE49E3-D12E-4796-B802-24F9406A3315}"
EndProject
Project("{FAE04EC0-301F-11D3-BF4B-00C04F79EFBC}") = "AADConsoleTest", "AADConsoleTest\AADConsoleTest.csproj", "{A1DEBDD1-A450-4F0E-B72E-A49F8DA3895C}"
EndProject
Project("{FAE04EC0-301F-11D3-BF4B-00C04F79EFBC}") = "MsIdWebApp", "CIAM-AspNetCoreWebApp\MsIdWebApp.csproj", "{DAB95A25-BC21-DBD9-E6CE-86B1824E04AB}"
EndProject
Global
	GlobalSection(SolutionConfigurationPlatforms) = preSolution
		Debug|Any CPU = Debug|Any CPU
		Debug|ARM64 = Debug|ARM64
		Debug|x64 = Debug|x64
		Debug|x86 = Debug|x86
		Release|Any CPU = Release|Any CPU
		Release|ARM64 = Release|ARM64
		Release|x64 = Release|x64
		Release|x86 = Release|x86
	EndGlobalSection
	GlobalSection(ProjectConfigurationPlatforms) = postSolution
		{E3338D37-FF50-4A34-96BD-2716ED93F1E2}.Debug|Any CPU.ActiveCfg = Debug|Any CPU
		{E3338D37-FF50-4A34-96BD-2716ED93F1E2}.Debug|Any CPU.Build.0 = Debug|Any CPU
		{E3338D37-FF50-4A34-96BD-2716ED93F1E2}.Debug|Any CPU.Deploy.0 = Debug|Any CPU
		{E3338D37-FF50-4A34-96BD-2716ED93F1E2}.Debug|ARM64.ActiveCfg = Debug|Any CPU
		{E3338D37-FF50-4A34-96BD-2716ED93F1E2}.Debug|ARM64.Build.0 = Debug|Any CPU
		{E3338D37-FF50-4A34-96BD-2716ED93F1E2}.Debug|ARM64.Deploy.0 = Debug|Any CPU
		{E3338D37-FF50-4A34-96BD-2716ED93F1E2}.Debug|x64.ActiveCfg = Debug|Any CPU
		{E3338D37-FF50-4A34-96BD-2716ED93F1E2}.Debug|x64.Build.0 = Debug|Any CPU
		{E3338D37-FF50-4A34-96BD-2716ED93F1E2}.Debug|x64.Deploy.0 = Debug|Any CPU
		{E3338D37-FF50-4A34-96BD-2716ED93F1E2}.Debug|x86.ActiveCfg = Debug|Any CPU
		{E3338D37-FF50-4A34-96BD-2716ED93F1E2}.Debug|x86.Build.0 = Debug|Any CPU
		{E3338D37-FF50-4A34-96BD-2716ED93F1E2}.Debug|x86.Deploy.0 = Debug|Any CPU
		{E3338D37-FF50-4A34-96BD-2716ED93F1E2}.Release|Any CPU.ActiveCfg = Release|Any CPU
		{E3338D37-FF50-4A34-96BD-2716ED93F1E2}.Release|Any CPU.Build.0 = Release|Any CPU
		{E3338D37-FF50-4A34-96BD-2716ED93F1E2}.Release|Any CPU.Deploy.0 = Release|Any CPU
		{E3338D37-FF50-4A34-96BD-2716ED93F1E2}.Release|ARM64.ActiveCfg = Release|Any CPU
		{E3338D37-FF50-4A34-96BD-2716ED93F1E2}.Release|ARM64.Build.0 = Release|Any CPU
		{E3338D37-FF50-4A34-96BD-2716ED93F1E2}.Release|ARM64.Deploy.0 = Release|Any CPU
		{E3338D37-FF50-4A34-96BD-2716ED93F1E2}.Release|x64.ActiveCfg = Release|Any CPU
		{E3338D37-FF50-4A34-96BD-2716ED93F1E2}.Release|x64.Build.0 = Release|Any CPU
		{E3338D37-FF50-4A34-96BD-2716ED93F1E2}.Release|x64.Deploy.0 = Release|Any CPU
		{E3338D37-FF50-4A34-96BD-2716ED93F1E2}.Release|x86.ActiveCfg = Release|Any CPU
		{E3338D37-FF50-4A34-96BD-2716ED93F1E2}.Release|x86.Build.0 = Release|Any CPU
		{E3338D37-FF50-4A34-96BD-2716ED93F1E2}.Release|x86.Deploy.0 = Release|Any CPU
		{1AA5F22B-62F8-414F-AE50-635E99EB3F76}.Debug|Any CPU.ActiveCfg = Debug|Any CPU
		{1AA5F22B-62F8-414F-AE50-635E99EB3F76}.Debug|Any CPU.Build.0 = Debug|Any CPU
		{1AA5F22B-62F8-414F-AE50-635E99EB3F76}.Debug|ARM64.ActiveCfg = Debug|Any CPU
		{1AA5F22B-62F8-414F-AE50-635E99EB3F76}.Debug|ARM64.Build.0 = Debug|Any CPU
		{1AA5F22B-62F8-414F-AE50-635E99EB3F76}.Debug|x64.ActiveCfg = Debug|Any CPU
		{1AA5F22B-62F8-414F-AE50-635E99EB3F76}.Debug|x64.Build.0 = Debug|Any CPU
		{1AA5F22B-62F8-414F-AE50-635E99EB3F76}.Debug|x86.ActiveCfg = Debug|Any CPU
		{1AA5F22B-62F8-414F-AE50-635E99EB3F76}.Debug|x86.Build.0 = Debug|Any CPU
		{1AA5F22B-62F8-414F-AE50-635E99EB3F76}.Release|Any CPU.ActiveCfg = Release|Any CPU
		{1AA5F22B-62F8-414F-AE50-635E99EB3F76}.Release|Any CPU.Build.0 = Release|Any CPU
		{1AA5F22B-62F8-414F-AE50-635E99EB3F76}.Release|ARM64.ActiveCfg = Release|Any CPU
		{1AA5F22B-62F8-414F-AE50-635E99EB3F76}.Release|ARM64.Build.0 = Release|Any CPU
		{1AA5F22B-62F8-414F-AE50-635E99EB3F76}.Release|x64.ActiveCfg = Release|Any CPU
		{1AA5F22B-62F8-414F-AE50-635E99EB3F76}.Release|x64.Build.0 = Release|Any CPU
		{1AA5F22B-62F8-414F-AE50-635E99EB3F76}.Release|x86.ActiveCfg = Release|Any CPU
		{1AA5F22B-62F8-414F-AE50-635E99EB3F76}.Release|x86.Build.0 = Release|Any CPU
		{C2800ABA-8C19-4553-A552-BFF679BEB039}.Debug|Any CPU.ActiveCfg = Debug|Any CPU
		{C2800ABA-8C19-4553-A552-BFF679BEB039}.Debug|Any CPU.Build.0 = Debug|Any CPU
		{C2800ABA-8C19-4553-A552-BFF679BEB039}.Debug|Any CPU.Deploy.0 = Debug|Any CPU
		{C2800ABA-8C19-4553-A552-BFF679BEB039}.Debug|ARM64.ActiveCfg = Debug|Any CPU
		{C2800ABA-8C19-4553-A552-BFF679BEB039}.Debug|ARM64.Build.0 = Debug|Any CPU
		{C2800ABA-8C19-4553-A552-BFF679BEB039}.Debug|ARM64.Deploy.0 = Debug|Any CPU
		{C2800ABA-8C19-4553-A552-BFF679BEB039}.Debug|x64.ActiveCfg = Debug|Any CPU
		{C2800ABA-8C19-4553-A552-BFF679BEB039}.Debug|x64.Build.0 = Debug|Any CPU
		{C2800ABA-8C19-4553-A552-BFF679BEB039}.Debug|x64.Deploy.0 = Debug|Any CPU
		{C2800ABA-8C19-4553-A552-BFF679BEB039}.Debug|x86.ActiveCfg = Debug|Any CPU
		{C2800ABA-8C19-4553-A552-BFF679BEB039}.Debug|x86.Build.0 = Debug|Any CPU
		{C2800ABA-8C19-4553-A552-BFF679BEB039}.Debug|x86.Deploy.0 = Debug|Any CPU
		{C2800ABA-8C19-4553-A552-BFF679BEB039}.Release|Any CPU.ActiveCfg = Release|Any CPU
		{C2800ABA-8C19-4553-A552-BFF679BEB039}.Release|Any CPU.Build.0 = Release|Any CPU
		{C2800ABA-8C19-4553-A552-BFF679BEB039}.Release|Any CPU.Deploy.0 = Release|Any CPU
		{C2800ABA-8C19-4553-A552-BFF679BEB039}.Release|ARM64.ActiveCfg = Release|Any CPU
		{C2800ABA-8C19-4553-A552-BFF679BEB039}.Release|ARM64.Build.0 = Release|Any CPU
		{C2800ABA-8C19-4553-A552-BFF679BEB039}.Release|ARM64.Deploy.0 = Release|Any CPU
		{C2800ABA-8C19-4553-A552-BFF679BEB039}.Release|x64.ActiveCfg = Release|Any CPU
		{C2800ABA-8C19-4553-A552-BFF679BEB039}.Release|x64.Build.0 = Release|Any CPU
		{C2800ABA-8C19-4553-A552-BFF679BEB039}.Release|x64.Deploy.0 = Release|Any CPU
		{C2800ABA-8C19-4553-A552-BFF679BEB039}.Release|x86.ActiveCfg = Release|Any CPU
		{C2800ABA-8C19-4553-A552-BFF679BEB039}.Release|x86.Build.0 = Release|Any CPU
		{C2800ABA-8C19-4553-A552-BFF679BEB039}.Release|x86.Deploy.0 = Release|Any CPU
		{7C064C71-30BE-4D8D-9B68-E7249ED18FA1}.Debug|Any CPU.ActiveCfg = Debug|Any CPU
		{7C064C71-30BE-4D8D-9B68-E7249ED18FA1}.Debug|Any CPU.Build.0 = Debug|Any CPU
		{7C064C71-30BE-4D8D-9B68-E7249ED18FA1}.Debug|Any CPU.Deploy.0 = Debug|Any CPU
		{7C064C71-30BE-4D8D-9B68-E7249ED18FA1}.Debug|ARM64.ActiveCfg = Debug|Any CPU
		{7C064C71-30BE-4D8D-9B68-E7249ED18FA1}.Debug|ARM64.Build.0 = Debug|Any CPU
		{7C064C71-30BE-4D8D-9B68-E7249ED18FA1}.Debug|ARM64.Deploy.0 = Debug|Any CPU
		{7C064C71-30BE-4D8D-9B68-E7249ED18FA1}.Debug|x64.ActiveCfg = Debug|Any CPU
		{7C064C71-30BE-4D8D-9B68-E7249ED18FA1}.Debug|x64.Build.0 = Debug|Any CPU
		{7C064C71-30BE-4D8D-9B68-E7249ED18FA1}.Debug|x64.Deploy.0 = Debug|Any CPU
		{7C064C71-30BE-4D8D-9B68-E7249ED18FA1}.Debug|x86.ActiveCfg = Debug|Any CPU
		{7C064C71-30BE-4D8D-9B68-E7249ED18FA1}.Debug|x86.Build.0 = Debug|Any CPU
		{7C064C71-30BE-4D8D-9B68-E7249ED18FA1}.Debug|x86.Deploy.0 = Debug|Any CPU
		{7C064C71-30BE-4D8D-9B68-E7249ED18FA1}.Release|Any CPU.ActiveCfg = Release|Any CPU
		{7C064C71-30BE-4D8D-9B68-E7249ED18FA1}.Release|Any CPU.Build.0 = Release|Any CPU
		{7C064C71-30BE-4D8D-9B68-E7249ED18FA1}.Release|Any CPU.Deploy.0 = Release|Any CPU
		{7C064C71-30BE-4D8D-9B68-E7249ED18FA1}.Release|ARM64.ActiveCfg = Release|Any CPU
		{7C064C71-30BE-4D8D-9B68-E7249ED18FA1}.Release|ARM64.Build.0 = Release|Any CPU
		{7C064C71-30BE-4D8D-9B68-E7249ED18FA1}.Release|ARM64.Deploy.0 = Release|Any CPU
		{7C064C71-30BE-4D8D-9B68-E7249ED18FA1}.Release|x64.ActiveCfg = Release|Any CPU
		{7C064C71-30BE-4D8D-9B68-E7249ED18FA1}.Release|x64.Build.0 = Release|Any CPU
		{7C064C71-30BE-4D8D-9B68-E7249ED18FA1}.Release|x64.Deploy.0 = Release|Any CPU
		{7C064C71-30BE-4D8D-9B68-E7249ED18FA1}.Release|x86.ActiveCfg = Release|Any CPU
		{7C064C71-30BE-4D8D-9B68-E7249ED18FA1}.Release|x86.Build.0 = Release|Any CPU
		{7C064C71-30BE-4D8D-9B68-E7249ED18FA1}.Release|x86.Deploy.0 = Release|Any CPU
		{61DE49E3-D12E-4796-B802-24F9406A3315}.Debug|Any CPU.ActiveCfg = Debug|Any CPU
		{61DE49E3-D12E-4796-B802-24F9406A3315}.Debug|Any CPU.Build.0 = Debug|Any CPU
		{61DE49E3-D12E-4796-B802-24F9406A3315}.Debug|ARM64.ActiveCfg = Debug|Any CPU
		{61DE49E3-D12E-4796-B802-24F9406A3315}.Debug|ARM64.Build.0 = Debug|Any CPU
		{61DE49E3-D12E-4796-B802-24F9406A3315}.Debug|x64.ActiveCfg = Debug|Any CPU
		{61DE49E3-D12E-4796-B802-24F9406A3315}.Debug|x64.Build.0 = Debug|Any CPU
		{61DE49E3-D12E-4796-B802-24F9406A3315}.Debug|x86.ActiveCfg = Debug|Any CPU
		{61DE49E3-D12E-4796-B802-24F9406A3315}.Debug|x86.Build.0 = Debug|Any CPU
		{61DE49E3-D12E-4796-B802-24F9406A3315}.Release|Any CPU.ActiveCfg = Release|Any CPU
		{61DE49E3-D12E-4796-B802-24F9406A3315}.Release|Any CPU.Build.0 = Release|Any CPU
		{61DE49E3-D12E-4796-B802-24F9406A3315}.Release|ARM64.ActiveCfg = Release|Any CPU
		{61DE49E3-D12E-4796-B802-24F9406A3315}.Release|ARM64.Build.0 = Release|Any CPU
		{61DE49E3-D12E-4796-B802-24F9406A3315}.Release|x64.ActiveCfg = Release|Any CPU
		{61DE49E3-D12E-4796-B802-24F9406A3315}.Release|x64.Build.0 = Release|Any CPU
		{61DE49E3-D12E-4796-B802-24F9406A3315}.Release|x86.ActiveCfg = Release|Any CPU
		{61DE49E3-D12E-4796-B802-24F9406A3315}.Release|x86.Build.0 = Release|Any CPU
		{A1DEBDD1-A450-4F0E-B72E-A49F8DA3895C}.Debug|Any CPU.ActiveCfg = Debug|Any CPU
		{A1DEBDD1-A450-4F0E-B72E-A49F8DA3895C}.Debug|Any CPU.Build.0 = Debug|Any CPU
		{A1DEBDD1-A450-4F0E-B72E-A49F8DA3895C}.Debug|ARM64.ActiveCfg = Debug|Any CPU
		{A1DEBDD1-A450-4F0E-B72E-A49F8DA3895C}.Debug|ARM64.Build.0 = Debug|Any CPU
		{A1DEBDD1-A450-4F0E-B72E-A49F8DA3895C}.Debug|x64.ActiveCfg = Debug|Any CPU
		{A1DEBDD1-A450-4F0E-B72E-A49F8DA3895C}.Debug|x64.Build.0 = Debug|Any CPU
		{A1DEBDD1-A450-4F0E-B72E-A49F8DA3895C}.Debug|x86.ActiveCfg = Debug|Any CPU
		{A1DEBDD1-A450-4F0E-B72E-A49F8DA3895C}.Debug|x86.Build.0 = Debug|Any CPU
		{A1DEBDD1-A450-4F0E-B72E-A49F8DA3895C}.Release|Any CPU.ActiveCfg = Release|Any CPU
		{A1DEBDD1-A450-4F0E-B72E-A49F8DA3895C}.Release|Any CPU.Build.0 = Release|Any CPU
		{A1DEBDD1-A450-4F0E-B72E-A49F8DA3895C}.Release|ARM64.ActiveCfg = Release|Any CPU
		{A1DEBDD1-A450-4F0E-B72E-A49F8DA3895C}.Release|ARM64.Build.0 = Release|Any CPU
		{A1DEBDD1-A450-4F0E-B72E-A49F8DA3895C}.Release|x64.ActiveCfg = Release|Any CPU
		{A1DEBDD1-A450-4F0E-B72E-A49F8DA3895C}.Release|x64.Build.0 = Release|Any CPU
		{A1DEBDD1-A450-4F0E-B72E-A49F8DA3895C}.Release|x86.ActiveCfg = Release|Any CPU
		{A1DEBDD1-A450-4F0E-B72E-A49F8DA3895C}.Release|x86.Build.0 = Release|Any CPU
		{DAB95A25-BC21-DBD9-E6CE-86B1824E04AB}.Debug|Any CPU.ActiveCfg = Debug|Any CPU
		{DAB95A25-BC21-DBD9-E6CE-86B1824E04AB}.Debug|Any CPU.Build.0 = Debug|Any CPU
		{DAB95A25-BC21-DBD9-E6CE-86B1824E04AB}.Debug|ARM64.ActiveCfg = Debug|Any CPU
		{DAB95A25-BC21-DBD9-E6CE-86B1824E04AB}.Debug|ARM64.Build.0 = Debug|Any CPU
		{DAB95A25-BC21-DBD9-E6CE-86B1824E04AB}.Debug|x64.ActiveCfg = Debug|Any CPU
		{DAB95A25-BC21-DBD9-E6CE-86B1824E04AB}.Debug|x64.Build.0 = Debug|Any CPU
		{DAB95A25-BC21-DBD9-E6CE-86B1824E04AB}.Debug|x86.ActiveCfg = Debug|Any CPU
		{DAB95A25-BC21-DBD9-E6CE-86B1824E04AB}.Debug|x86.Build.0 = Debug|Any CPU
		{DAB95A25-BC21-DBD9-E6CE-86B1824E04AB}.Release|Any CPU.ActiveCfg = Release|Any CPU
		{DAB95A25-BC21-DBD9-E6CE-86B1824E04AB}.Release|Any CPU.Build.0 = Release|Any CPU
		{DAB95A25-BC21-DBD9-E6CE-86B1824E04AB}.Release|ARM64.ActiveCfg = Release|Any CPU
		{DAB95A25-BC21-DBD9-E6CE-86B1824E04AB}.Release|ARM64.Build.0 = Release|Any CPU
		{DAB95A25-BC21-DBD9-E6CE-86B1824E04AB}.Release|x64.ActiveCfg = Release|Any CPU
		{DAB95A25-BC21-DBD9-E6CE-86B1824E04AB}.Release|x64.Build.0 = Release|Any CPU
		{DAB95A25-BC21-DBD9-E6CE-86B1824E04AB}.Release|x86.ActiveCfg = Release|Any CPU
		{DAB95A25-BC21-DBD9-E6CE-86B1824E04AB}.Release|x86.Build.0 = Release|Any CPU
	EndGlobalSection
	GlobalSection(SolutionProperties) = preSolution
		HideSolutionNode = FALSE
	EndGlobalSection
	GlobalSection(ExtensibilityGlobals) = postSolution
		SolutionGuid = {20E6FD03-9002-4EBA-ABF2-9DDE2C488842}
	EndGlobalSection
EndGlobal
